
Microsoft Visual Studio Solution File, Format Version 12.00
# Visual Studio Version 17
VisualStudioVersion = 17.14.37111.16 d17.14
MinimumVisualStudioVersion = 10.0.40219.1
Project("{8BC9CEB8-8B4A-11D0-8D11-00A0C91BC942}") = "CUDA-ShowerSim", "CUDA-ShowerSim\CUDA-ShowerSim.vcxproj", "{F1FEC29D-33E8-046D-A986-09079D98FC15}"
EndProject
Global
	GlobalSection(SolutionConfigurationPlatforms) = preSolution
		Debug|x64 = Debug|x64
		Release|x64 = Release|x64
	EndGlobalSection
	GlobalSection(ProjectConfigurationPlatforms) = postSolution
		{F1FEC29D-33E8-046D-A986-09079D98FC15}.Debug|x64.ActiveCfg = Debug|x64
		{F1FEC29D-33E8-046D-A986-09079D98FC15}.Debug|x64.Build.0 = Debug|x64
		{F1FEC29D-33E8-046D-A986-09079D98FC15}.Release|x64.ActiveCfg = Release|x64
		{F1FEC29D-33E8-046D-A986-09079D98FC15}.Release|x64.Build.0 = Release|x64
	EndGlobalSection
	GlobalSection(SolutionProperties) = preSolution
		HideSolutionNode = FALSE
	EndGlobalSection
	GlobalSection(ExtensibilityGlobals) = postSolution
		SolutionGuid = {00ED065C-158B-4F21-A53D-440A33B6D570}
	EndGlobalSection
EndGlobal
